
Microsoft Visual Studio Solution File, Format Version 12.00
# Visual Studio Version 17
VisualStudioVersion = 17.9.34616.47
MinimumVisualStudioVersion = 10.0.40219.1
Project("{FAE04EC0-301F-11D3-BF4B-00C04F79EFBC}") = "Hometask Encapsulation", "Hometask Encapsulation\Hometask Encapsulation.csproj", "{0CCC1780-78EB-4668-80CB-73920C9C2E8B}"
EndProject
Global
	GlobalSection(SolutionConfigurationPlatforms) = preSolution
		Debug|Any CPU = Debug|Any CPU
		Release|Any CPU = Release|Any CPU
	EndGlobalSection
	GlobalSection(ProjectConfigurationPlatforms) = postSolution
		{0CCC1780-78EB-4668-80CB-73920C9C2E8B}.Debug|Any CPU.ActiveCfg = Debug|Any CPU
		{0CCC1780-78EB-4668-80CB-73920C9C2E8B}.Debug|Any CPU.Build.0 = Debug|Any CPU
		{0CCC1780-78EB-4668-80CB-73920C9C2E8B}.Release|Any CPU.ActiveCfg = Release|Any CPU
		{0CCC1780-78EB-4668-80CB-73920C9C2E8B}.Release|Any CPU.Build.0 = Release|Any CPU
	EndGlobalSection
	GlobalSection(SolutionProperties) = preSolution
		HideSolutionNode = FALSE
	EndGlobalSection
	GlobalSection(ExtensibilityGlobals) = postSolution
		SolutionGuid = {993446D0-B458-445E-A490-26A87B4B656F}
	EndGlobalSection
EndGlobal
